// !$*UTF8*$!
{
	archiveVersion = 1;
	classes = {
	};
	objectVersion = 50;
	objects = {

/* Begin PBXBuildFile section */
		34E3A42222136C3B001CBEBD /* AppDelegate.m in Sources */ = {isa = PBXBuildFile; fileRef = 34E3A42122136C3B001CBEBD /* AppDelegate.m */; };
		34E3A42522136C3B001CBEBD /* ViewController.m in Sources */ = {isa = PBXBuildFile; fileRef = 34E3A42422136C3B001CBEBD /* ViewController.m */; };
		34E3A42822136C3B001CBEBD /* Main.storyboard in Resources */ = {isa = PBXBuildFile; fileRef = 34E3A42622136C3B001CBEBD /* Main.storyboard */; };
		34E3A42A22136C3C001CBEBD /* Assets.xcassets in Resources */ = {isa = PBXBuildFile; fileRef = 34E3A42922136C3C001CBEBD /* Assets.xcassets */; };
		34E3A42D22136C3C001CBEBD /* LaunchScreen.storyboard in Resources */ = {isa = PBXBuildFile; fileRef = 34E3A42B22136C3C001CBEBD /* LaunchScreen.storyboard */; };
		34E3A43022136C3C001CBEBD /* main.m in Sources */ = {isa = PBXBuildFile; fileRef = 34E3A42F22136C3C001CBEBD /* main.m */; };
/* End PBXBuildFile section */

/* Begin PBXFileReference section */
		34E3A41D22136C3B001CBEBD /* DeckOfCardsObjC.app */ = {isa = PBXFileReference; explicitFileType = wrapper.application; includeInIndex = 0; path = DeckOfCardsObjC.app; sourceTree = BUILT_PRODUCTS_DIR; };
		34E3A42022136C3B001CBEBD /* AppDelegate.h */ = {isa = PBXFileReference; lastKnownFileType = sourcecode.c.h; path = AppDelegate.h; sourceTree = "<group>"; };
		34E3A42122136C3B001CBEBD /* AppDelegate.m */ = {isa = PBXFileReference; lastKnownFileType = sourcecode.c.objc; path = AppDelegate.m; sourceTree = "<group>"; };
		34E3A42322136C3B001CBEBD /* ViewController.h */ = {isa = PBXFileReference; lastKnownFileType = sourcecode.c.h; path = ViewController.h; sourceTree = "<group>"; };
		34E3A42422136C3B001CBEBD /* ViewController.m */ = {isa = PBXFileReference; lastKnownFileType = sourcecode.c.objc; path = ViewController.m; sourceTree = "<group>"; };
		34E3A42722136C3B001CBEBD /* Base */ = {isa = PBXFileReference; lastKnownFileType = file.storyboard; name = Base; path = Base.lproj/Main.storyboard; sourceTree = "<group>"; };
		34E3A42922136C3C001CBEBD /* Assets.xcassets */ = {isa = PBXFileReference; lastKnownFileType = folder.assetcatalog; path = Assets.xcassets; sourceTree = "<group>"; };
		34E3A42C22136C3C001CBEBD /* Base */ = {isa = PBXFileReference; lastKnownFileType = file.storyboard; name = Base; path = Base.lproj/LaunchScreen.storyboard; sourceTree = "<group>"; };
		34E3A42E22136C3C001CBEBD /* Info.plist */ = {isa = PBXFileReference; lastKnownFileType = text.plist.xml; path = Info.plist; sourceTree = "<group>"; };
		34E3A42F22136C3C001CBEBD /* main.m */ = {isa = PBXFileReference; lastKnownFileType = sourcecode.c.objc; path = main.m; sourceTree = "<group>"; };
/* End PBXFileReference section */

/* Begin PBXFrameworksBuildPhase section */
		34E3A41A22136C3B001CBEBD /* Frameworks */ = {
			isa = PBXFrameworksBuildPhase;
			buildActionMask = 2147483647;
			files = (
			);
			runOnlyForDeploymentPostprocessing = 0;
		};
/* End PBXFrameworksBuildPhase section */

/* Begin PBXGroup section */
		34E3A41422136C3B001CBEBD = {
			isa = PBXGroup;
			children = (
				34E3A41F22136C3B001CBEBD /* DeckOfCardsObjC */,
				34E3A41E22136C3B001CBEBD /* Products */,
			);
			sourceTree = "<group>";
		};
		34E3A41E22136C3B001CBEBD /* Products */ = {
			isa = PBXGroup;
			children = (
				34E3A41D22136C3B001CBEBD /* DeckOfCardsObjC.app */,
			);
			name = Products;
			sourceTree = "<group>";
		};
		34E3A41F22136C3B001CBEBD /* DeckOfCardsObjC */ = {
			isa = PBXGroup;
			children = (
				34E3A42022136C3B001CBEBD /* AppDelegate.h */,
				34E3A42122136C3B001CBEBD /* AppDelegate.m */,
				34E3A42322136C3B001CBEBD /* ViewController.h */,
				34E3A42422136C3B001CBEBD /* ViewController.m */,
				34E3A42622136C3B001CBEBD /* Main.storyboard */,
				34E3A42922136C3C001CBEBD /* Assets.xcassets */,
				34E3A42B22136C3C001CBEBD /* LaunchScreen.storyboard */,
				34E3A42E22136C3C001CBEBD /* Info.plist */,
				34E3A42F22136C3C001CBEBD /* main.m */,
			);
			path = DeckOfCardsObjC;
			sourceTree = "<group>";
		};
/* End PBXGroup section */

/* Begin PBXNativeTarget section */
		34E3A41C22136C3B001CBEBD /* DeckOfCardsObjC */ = {
			isa = PBXNativeTarget;
			buildConfigurationList = 34E3A43322136C3C001CBEBD /* Build configuration list for PBXNativeTarget "DeckOfCardsObjC" */;
			buildPhases = (
				34E3A41922136C3B001CBEBD /* Sources */,
				34E3A41A22136C3B001CBEBD /* Frameworks */,
				34E3A41B22136C3B001CBEBD /* Resources */,
			);
			buildRules = (
			);
			dependencies = (
			);
			name = DeckOfCardsObjC;
			productName = DeckOfCardsObjC;
			productReference = 34E3A41D22136C3B001CBEBD /* DeckOfCardsObjC.app */;
			productType = "com.apple.product-type.application";
		};
/* End PBXNativeTarget section */

/* Begin PBXProject section */
		34E3A41522136C3B001CBEBD /* Project object */ = {
			isa = PBXProject;
			attributes = {
				LastUpgradeCheck = 1010;
				ORGANIZATIONNAME = "Carlos Pendola";
				TargetAttributes = {
					34E3A41C22136C3B001CBEBD = {
						CreatedOnToolsVersion = 10.1;
					};
				};
			};
			buildConfigurationList = 34E3A41822136C3B001CBEBD /* Build configuration list for PBXProject "DeckOfCardsObjC" */;
			compatibilityVersion = "Xcode 9.3";
			developmentRegion = en;
			hasScannedForEncodings = 0;
			knownRegions = (
				en,
				Base,
			);
			mainGroup = 34E3A41422136C3B001CBEBD;
			productRefGroup = 34E3A41E22136C3B001CBEBD /* Products */;
			projectDirPath = "";
			projectRoot = "";
			targets = (
				34E3A41C22136C3B001CBEBD /* DeckOfCardsObjC */,
			);
		};
/* End PBXProject section */

/* Begin PBXResourcesBuildPhase section */
		34E3A41B22136C3B001CBEBD /* Resources */ = {
			isa = PBXResourcesBuildPhase;
			buildActionMask = 2147483647;
			files = (
				34E3A42D22136C3C001CBEBD /* LaunchScreen.storyboard in Resources */,
				34E3A42A22136C3C001CBEBD /* Assets.xcassets in Resources */,
				34E3A42822136C3B001CBEBD /* Main.storyboard in Resources */,
			);
			runOnlyForDeploymentPostprocessing = 0;
		};
/* End PBXResourcesBuildPhase section */

/* Begin PBXSourcesBuildPhase section */
		34E3A41922136C3B001CBEBD /* Sources */ = {
			isa = PBXSourcesBuildPhase;
			buildActionMask = 2147483647;
			files = (
				34E3A42522136C3B001CBEBD /* ViewController.m in Sources */,
				34E3A43022136C3C001CBEBD /* main.m in Sources */,
				34E3A42222136C3B001CBEBD /* AppDelegate.m in Sources */,
			);
			runOnlyForDeploymentPostprocessing = 0;
		};
/* End PBXSourcesBuildPhase section */

/* Begin PBXVariantGroup section */
		34E3A42622136C3B001CBEBD /* Main.storyboard */ = {
			isa = PBXVariantGroup;
			children = (
				34E3A42722136C3B001CBEBD /* Base */,
			);
			name = Main.storyboard;
			sourceTree = "<group>";
		};
		34E3A42B22136C3C001CBEBD /* LaunchScreen.storyboard */ = {
			isa = PBXVariantGroup;
			children = (
				34E3A42C22136C3C001CBEBD /* Base */,
			);
			name = LaunchScreen.storyboard;
			sourceTree = "<group>";
		};
/* End PBXVariantGroup section */

/* Begin XCBuildConfiguration section */
		34E3A43122136C3C001CBEBD /* Debug */ = {
			isa = XCBuildConfiguration;
			buildSettings = {
				ALWAYS_SEARCH_USER_PATHS = NO;
				CLANG_ANALYZER_NONNULL = YES;
				CLANG_ANALYZER_NUMBER_OBJECT_CONVERSION = YES_AGGRESSIVE;
				CLANG_CXX_LANGUAGE_STANDARD = "gnu++14";
				CLANG_CXX_LIBRARY = "libc++";
				CLANG_ENABLE_MODULES = YES;
				CLANG_ENABLE_OBJC_ARC = YES;
				CLANG_ENABLE_OBJC_WEAK = YES;
				CLANG_WARN_BLOCK_CAPTURE_AUTORELEASING = YES;
				CLANG_WARN_BOOL_CONVERSION = YES;
				CLANG_WARN_COMMA = YES;
				CLANG_WARN_CONSTANT_CONVERSION = YES;
				CLANG_WARN_DEPRECATED_OBJC_IMPLEMENTATIONS = YES;
				CLANG_WARN_DIRECT_OBJC_ISA_USAGE = YES_ERROR;
				CLANG_WARN_DOCUMENTATION_COMMENTS = YES;
				CLANG_WARN_EMPTY_BODY = YES;
				CLANG_WARN_ENUM_CONVERSION = YES;
				CLANG_WARN_INFINITE_RECURSION = YES;
				CLANG_WARN_INT_CONVERSION = YES;
				CLANG_WARN_NON_LITERAL_NULL_CONVERSION = YES;
				CLANG_WARN_OBJC_IMPLICIT_RETAIN_SELF = YES;
				CLANG_WARN_OBJC_LITERAL_CONVERSION = YES;
				CLANG_WARN_OBJC_ROOT_CLASS = YES_ERROR;
				CLANG_WARN_RANGE_LOOP_ANALYSIS = YES;
				CLANG_WARN_STRICT_PROTOTYPES = YES;
				CLANG_WARN_SUSPICIOUS_MOVE = YES;
				CLANG_WARN_UNGUARDED_AVAILABILITY = YES_AGGRESSIVE;
				CLANG_WARN_UNREACHABLE_CODE = YES;
				CLANG_WARN__DUPLICATE_METHOD_MATCH = YES;
				CODE_SIGN_IDENTITY = "iPhone Developer";
				COPY_PHASE_STRIP = NO;
				DEBUG_INFORMATION_FORMAT = dwarf;
				ENABLE_STRICT_OBJC_MSGSEND = YES;
				ENABLE_TESTABILITY = YES;
				GCC_C_LANGUAGE_STANDARD = gnu11;
				GCC_DYNAMIC_NO_PIC = NO;
				GCC_NO_COMMON_BLOCKS = YES;
				GCC_OPTIMIZATION_LEVEL = 0;
				GCC_PREPROCESSOR_DEFINITIONS = (
					"DEBUG=1",
					"$(inherited)",
				);
				GCC_WARN_64_TO_32_BIT_CONVERSION = YES;
				GCC_WARN_ABOUT_RETURN_TYPE = YES_ERROR;
				GCC_WARN_UNDECLARED_SELECTOR = YES;
				GCC_WARN_UNINITIALIZED_AUTOS = YES_AGGRESSIVE;
				GCC_WARN_UNUSED_FUNCTION = YES;
				GCC_WARN_UNUSED_VARIABLE = YES;
				IPHONEOS_DEPLOYMENT_TARGET = 12.1;
				MTL_ENABLE_DEBUG_INFO = INCLUDE_SOURCE;
				MTL_FAST_MATH = YES;
				ONLY_ACTIVE_ARCH = YES;
				SDKROOT = iphoneos;
			};
			name = Debug;
		};
		34E3A43222136C3C001CBEBD /* Release */ = {
			isa = XCBuildConfiguration;
			buildSettings = {
				ALWAYS_SEARCH_USER_PATHS = NO;
				CLANG_ANALYZER_NONNULL = YES;
				CLANG_ANALYZER_NUMBER_OBJECT_CONVERSION = YES_AGGRESSIVE;
				CLANG_CXX_LANGUAGE_STANDARD = "gnu++14";
				CLANG_CXX_LIBRARY = "libc++";
				CLANG_ENABLE_MODULES = YES;
				CLANG_ENABLE_OBJC_ARC = YES;
				CLANG_ENABLE_OBJC_WEAK = YES;
				CLANG_WARN_BLOCK_CAPTURE_AUTORELEASING = YES;
				CLANG_WARN_BOOL_CONVERSION = YES;
				CLANG_WARN_COMMA = YES;
				CLANG_WARN_CONSTANT_CONVERSION = YES;
				CLANG_WARN_DEPRECATED_OBJC_IMPLEMENTATIONS = YES;
				CLANG_WARN_DIRECT_OBJC_ISA_USAGE = YES_ERROR;
				CLANG_WARN_DOCUMENTATION_COMMENTS = YES;
				CLANG_WARN_EMPTY_BODY = YES;
				CLANG_WARN_ENUM_CONVERSION = YES;
				CLANG_WARN_INFINITE_RECURSION = YES;
				CLANG_WARN_INT_CONVERSION = YES;
				CLANG_WARN_NON_LITERAL_NULL_CONVERSION = YES;
				CLANG_WARN_OBJC_IMPLICIT_RETAIN_SELF = YES;
				CLANG_WARN_OBJC_LITERAL_CONVERSION = YES;
				CLANG_WARN_OBJC_ROOT_CLASS = YES_ERROR;
				CLANG_WARN_RANGE_LOOP_ANALYSIS = YES;
				CLANG_WARN_STRICT_PROTOTYPES = YES;
				CLANG_WARN_SUSPICIOUS_MOVE = YES;
				CLANG_WARN_UNGUARDED_AVAILABILITY = YES_AGGRESSIVE;
				CLANG_WARN_UNREACHABLE_CODE = YES;
				CLANG_WARN__DUPLICATE_METHOD_MATCH = YES;
				CODE_SIGN_IDENTITY = "iPhone Developer";
				COPY_PHASE_STRIP = NO;
				DEBUG_INFORMATION_FORMAT = "dwarf-with-dsym";
				ENABLE_NS_ASSERTIONS = NO;
				ENABLE_STRICT_OBJC_MSGSEND = YES;
				GCC_C_LANGUAGE_STANDARD = gnu11;
				GCC_NO_COMMON_BLOCKS = YES;
				GCC_WARN_64_TO_32_BIT_CONVERSION = YES;
				GCC_WARN_ABOUT_RETURN_TYPE = YES_ERROR;
				GCC_WARN_UNDECLARED_SELECTOR = YES;
				GCC_WARN_UNINITIALIZED_AUTOS = YES_AGGRESSIVE;
				GCC_WARN_UNUSED_FUNCTION = YES;
				GCC_WARN_UNUSED_VARIABLE = YES;
				IPHONEOS_DEPLOYMENT_TARGET = 12.1;
				MTL_ENABLE_DEBUG_INFO = NO;
				MTL_FAST_MATH = YES;
				SDKROOT = iphoneos;
				VALIDATE_PRODUCT = YES;
			};
			name = Release;
		};
		34E3A43422136C3C001CBEBD /* Debug */ = {
			isa = XCBuildConfiguration;
			buildSettings = {
				ASSETCATALOG_COMPILER_APPICON_NAME = AppIcon;
				CODE_SIGN_STYLE = Automatic;
				DEVELOPMENT_TEAM = CC2FU4U4ZR;
				INFOPLIST_FILE = DeckOfCardsObjC/Info.plist;
				LD_RUNPATH_SEARCH_PATHS = (
					"$(inherited)",
					"@executable_path/Frameworks",
				);
				PRODUCT_BUNDLE_IDENTIFIER = com.cjpendola.DeckOfCardsObjC;
				PRODUCT_NAME = "$(TARGET_NAME)";
				TARGETED_DEVICE_FAMILY = "1,2";
			};
			name = Debug;
		};
		34E3A43522136C3C001CBEBD /* Release */ = {
			isa = XCBuildConfiguration;
			buildSettings = {
				ASSETCATALOG_COMPILER_APPICON_NAME = AppIcon;
				CODE_SIGN_STYLE = Automatic;
				DEVELOPMENT_TEAM = CC2FU4U4ZR;
				INFOPLIST_FILE = DeckOfCardsObjC/Info.plist;
				LD_RUNPATH_SEARCH_PATHS = (
					"$(inherited)",
					"@executable_path/Frameworks",
				);
				PRODUCT_BUNDLE_IDENTIFIER = com.cjpendola.DeckOfCardsObjC;
				PRODUCT_NAME = "$(TARGET_NAME)";
				TARGETED_DEVICE_FAMILY = "1,2";
			};
			name = Release;
		};
/* End XCBuildConfiguration section */

/* Begin XCConfigurationList section */
		34E3A41822136C3B001CBEBD /* Build configuration list for PBXProject "DeckOfCardsObjC" */ = {
			isa = XCConfigurationList;
			buildConfigurations = (
				34E3A43122136C3C001CBEBD /* Debug */,
				34E3A43222136C3C001CBEBD /* Release */,
			);
			defaultConfigurationIsVisible = 0;
			defaultConfigurationName = Release;
		};
		34E3A43322136C3C001CBEBD /* Build configuration list for PBXNativeTarget "DeckOfCardsObjC" */ = {
			isa = XCConfigurationList;
			buildConfigurations = (
				34E3A43422136C3C001CBEBD /* Debug */,
				34E3A43522136C3C001CBEBD /* Release */,
			);
			defaultConfigurationIsVisible = 0;
			defaultConfigurationName = Release;
		};
/* End XCConfigurationList section */
	};
	rootObject = 34E3A41522136C3B001CBEBD /* Project object */;
}
